
Microsoft Visual Studio Solution File, Format Version 12.00
# Visual Studio Version 17
VisualStudioVersion = 17.9.34723.18
MinimumVisualStudioVersion = 10.0.40219.1
Project("{FAE04EC0-301F-11D3-BF4B-00C04F79EFBC}") = "LearnArrayList", "LearnArrayList.csproj", "{AF6FCBC4-F24E-4308-9BA3-2CB1A6F1C812}"
EndProject
Global
	GlobalSection(SolutionConfigurationPlatforms) = preSolution
		Debug|Any CPU = Debug|Any CPU
		Release|Any CPU = Release|Any CPU
	EndGlobalSection
	GlobalSection(ProjectConfigurationPlatforms) = postSolution
		{AF6FCBC4-F24E-4308-9BA3-2CB1A6F1C812}.Debug|Any CPU.ActiveCfg = Debug|Any CPU
		{AF6FCBC4-F24E-4308-9BA3-2CB1A6F1C812}.Debug|Any CPU.Build.0 = Debug|Any CPU
		{AF6FCBC4-F24E-4308-9BA3-2CB1A6F1C812}.Release|Any CPU.ActiveCfg = Release|Any CPU
		{AF6FCBC4-F24E-4308-9BA3-2CB1A6F1C812}.Release|Any CPU.Build.0 = Release|Any CPU
	EndGlobalSection
	GlobalSection(SolutionProperties) = preSolution
		HideSolutionNode = FALSE
	EndGlobalSection
	GlobalSection(ExtensibilityGlobals) = postSolution
		SolutionGuid = {7A548EE9-A695-47BC-9870-BD82C259EF54}
	EndGlobalSection
EndGlobal
